
Microsoft Visual Studio Solution File, Format Version 12.00
# Visual Studio Version 17
VisualStudioVersion = 17.4.33213.308
MinimumVisualStudioVersion = 10.0.40219.1
Project("{2150E333-8FDC-42A3-9474-1A3956D46DE8}") = "Solution Items", "Solution Items", "{FA559CE6-E206-476B-99E8-BBC3F146D8D5}"
	ProjectSection(SolutionItems) = preProject
		.editorconfig = .editorconfig
		appveyor.yml = appveyor.yml
	EndProjectSection
EndProject
Project("{2150E333-8FDC-42A3-9474-1A3956D46DE8}") = "Src", "Src", "{953BD55B-09E1-4283-8925-3F2BE10D2846}"
EndProject
Project("{9A19103F-16F7-4668-BE54-9A1E7A4F7556}") = "Sankhya", "Src\Sankhya\Sankhya.csproj", "{D1E5B509-0934-4E15-B78D-D3A88ADDCB16}"
EndProject
Project("{2150E333-8FDC-42A3-9474-1A3956D46DE8}") = "Tests", "Tests", "{FC02E30A-45F3-4F81-96F3-8672D8C8E9D2}"
EndProject
Project("{9A19103F-16F7-4668-BE54-9A1E7A4F7556}") = "Sankhya.Tests", "Tests\Sankhya.Tests\Sankhya.Tests.csproj", "{2FD2F4CE-DCAB-4F78-8A20-A33CD7F74CFB}"
EndProject
Project("{9A19103F-16F7-4668-BE54-9A1E7A4F7556}") = "Sankhya.IntegrationTests", "Tests\Sankhya.IntegrationTests\Sankhya.IntegrationTests.csproj", "{B1A2F4CE-DCAB-4F78-8A20-A33CD7F74CFB}"
EndProject
Global
	GlobalSection(SolutionConfigurationPlatforms) = preSolution
		Debug|Any CPU = Debug|Any CPU
		Release|Any CPU = Release|Any CPU
	EndGlobalSection
	GlobalSection(ProjectConfigurationPlatforms) = postSolution
		{D1E5B509-0934-4E15-B78D-D3A88ADDCB16}.Debug|Any CPU.ActiveCfg = Debug|Any CPU
		{D1E5B509-0934-4E15-B78D-D3A88ADDCB16}.Debug|Any CPU.Build.0 = Debug|Any CPU
		{D1E5B509-0934-4E15-B78D-D3A88ADDCB16}.Release|Any CPU.ActiveCfg = Release|Any CPU
		{D1E5B509-0934-4E15-B78D-D3A88ADDCB16}.Release|Any CPU.Build.0 = Release|Any CPU
		{2FD2F4CE-DCAB-4F78-8A20-A33CD7F74CFB}.Debug|Any CPU.ActiveCfg = Debug|Any CPU
		{2FD2F4CE-DCAB-4F78-8A20-A33CD7F74CFB}.Debug|Any CPU.Build.0 = Debug|Any CPU
		{2FD2F4CE-DCAB-4F78-8A20-A33CD7F74CFB}.Release|Any CPU.ActiveCfg = Release|Any CPU
		{2FD2F4CE-DCAB-4F78-8A20-A33CD7F74CFB}.Release|Any CPU.Build.0 = Release|Any CPU
		{B1A2F4CE-DCAB-4F78-8A20-A33CD7F74CFB}.Debug|Any CPU.ActiveCfg = Debug|Any CPU
		{B1A2F4CE-DCAB-4F78-8A20-A33CD7F74CFB}.Debug|Any CPU.Build.0 = Debug|Any CPU
		{B1A2F4CE-DCAB-4F78-8A20-A33CD7F74CFB}.Release|Any CPU.ActiveCfg = Release|Any CPU
		{B1A2F4CE-DCAB-4F78-8A20-A33CD7F74CFB}.Release|Any CPU.Build.0 = Release|Any CPU
	EndGlobalSection
	GlobalSection(SolutionProperties) = preSolution
		HideSolutionNode = FALSE
	EndGlobalSection
	GlobalSection(NestedProjects) = preSolution
		{D1E5B509-0934-4E15-B78D-D3A88ADDCB16} = {953BD55B-09E1-4283-8925-3F2BE10D2846}
		{2FD2F4CE-DCAB-4F78-8A20-A33CD7F74CFB} = {FC02E30A-45F3-4F81-96F3-8672D8C8E9D2}
		{B1A2F4CE-DCAB-4F78-8A20-A33CD7F74CFB} = {FC02E30A-45F3-4F81-96F3-8672D8C8E9D2}
	EndGlobalSection
	GlobalSection(ExtensibilityGlobals) = postSolution
		SolutionGuid = {D610A89E-FD32-4908-B089-03DA72C42377}
	EndGlobalSection
EndGlobal
